// !$*UTF8*$!
{
	archiveVersion = 1;
	classes = {
	};
	objectVersion = 46;
	objects = {

/* Begin PBXBuildFile section */
		FB409A251F68C7DA004EF6A9 /* main.m in Sources */ = {isa = PBXBuildFile; fileRef = FB409A241F68C7DA004EF6A9 /* main.m */; };
		FB409A281F68C7DA004EF6A9 /* AppDelegate.m in Sources */ = {isa = PBXBuildFile; fileRef = FB409A271F68C7DA004EF6A9 /* AppDelegate.m */; };
		FB409A2B1F68C7DA004EF6A9 /* ViewController.m in Sources */ = {isa = PBXBuildFile; fileRef = FB409A2A1F68C7DA004EF6A9 /* ViewController.m */; };
		FB409A2E1F68C7DA004EF6A9 /* Main.storyboard in Resources */ = {isa = PBXBuildFile; fileRef = FB409A2C1F68C7DA004EF6A9 /* Main.storyboard */; };
		FB409A301F68C7DA004EF6A9 /* Assets.xcassets in Resources */ = {isa = PBXBuildFile; fileRef = FB409A2F1F68C7DA004EF6A9 /* Assets.xcassets */; };
		FB409A331F68C7DA004EF6A9 /* LaunchScreen.storyboard in Resources */ = {isa = PBXBuildFile; fileRef = FB409A311F68C7DA004EF6A9 /* LaunchScreen.storyboard */; };
		FB409A3E1F68C7DA004EF6A9 /* _______Tests.m in Sources */ = {isa = PBXBuildFile; fileRef = FB409A3D1F68C7DA004EF6A9 /* _______Tests.m */; };
		FB409A491F68C7DA004EF6A9 /* _______UITests.m in Sources */ = {isa = PBXBuildFile; fileRef = FB409A481F68C7DA004EF6A9 /* _______UITests.m */; };
/* End PBXBuildFile section */

/* Begin PBXContainerItemProxy section */
		FB409A3A1F68C7DA004EF6A9 /* PBXContainerItemProxy */ = {
			isa = PBXContainerItemProxy;
			containerPortal = FB409A181F68C7DA004EF6A9 /* Project object */;
			proxyType = 1;
			remoteGlobalIDString = FB409A1F1F68C7DA004EF6A9;
			remoteInfo = "自定义图片截取";
		};
		FB409A451F68C7DA004EF6A9 /* PBXContainerItemProxy */ = {
			isa = PBXContainerItemProxy;
			containerPortal = FB409A181F68C7DA004EF6A9 /* Project object */;
			proxyType = 1;
			remoteGlobalIDString = FB409A1F1F68C7DA004EF6A9;
			remoteInfo = "自定义图片截取";
		};
/* End PBXContainerItemProxy section */

/* Begin PBXFileReference section */
		FB409A201F68C7DA004EF6A9 /* 自定义图片截取.app */ = {isa = PBXFileReference; explicitFileType = wrapper.application; includeInIndex = 0; path = "自定义图片截取.app"; sourceTree = BUILT_PRODUCTS_DIR; };
		FB409A241F68C7DA004EF6A9 /* main.m */ = {isa = PBXFileReference; lastKnownFileType = sourcecode.c.objc; path = main.m; sourceTree = "<group>"; };
		FB409A261F68C7DA004EF6A9 /* AppDelegate.h */ = {isa = PBXFileReference; lastKnownFileType = sourcecode.c.h; path = AppDelegate.h; sourceTree = "<group>"; };
		FB409A271F68C7DA004EF6A9 /* AppDelegate.m */ = {isa = PBXFileReference; lastKnownFileType = sourcecode.c.objc; path = AppDelegate.m; sourceTree = "<group>"; };
		FB409A291F68C7DA004EF6A9 /* ViewController.h */ = {isa = PBXFileReference; lastKnownFileType = sourcecode.c.h; path = ViewController.h; sourceTree = "<group>"; };
		FB409A2A1F68C7DA004EF6A9 /* ViewController.m */ = {isa = PBXFileReference; lastKnownFileType = sourcecode.c.objc; path = ViewController.m; sourceTree = "<group>"; };
		FB409A2D1F68C7DA004EF6A9 /* Base */ = {isa = PBXFileReference; lastKnownFileType = file.storyboard; name = Base; path = Base.lproj/Main.storyboard; sourceTree = "<group>"; };
		FB409A2F1F68C7DA004EF6A9 /* Assets.xcassets */ = {isa = PBXFileReference; lastKnownFileType = folder.assetcatalog; path = Assets.xcassets; sourceTree = "<group>"; };
		FB409A321F68C7DA004EF6A9 /* Base */ = {isa = PBXFileReference; lastKnownFileType = file.storyboard; name = Base; path = Base.lproj/LaunchScreen.storyboard; sourceTree = "<group>"; };
		FB409A341F68C7DA004EF6A9 /* Info.plist */ = {isa = PBXFileReference; lastKnownFileType = text.plist.xml; path = Info.plist; sourceTree = "<group>"; };
		FB409A391F68C7DA004EF6A9 /* 自定义图片截取Tests.xctest */ = {isa = PBXFileReference; explicitFileType = wrapper.cfbundle; includeInIndex = 0; path = "自定义图片截取Tests.xctest"; sourceTree = BUILT_PRODUCTS_DIR; };
		FB409A3D1F68C7DA004EF6A9 /* _______Tests.m */ = {isa = PBXFileReference; lastKnownFileType = sourcecode.c.objc; path = "_______Tests.m"; sourceTree = "<group>"; };
		FB409A3F1F68C7DA004EF6A9 /* Info.plist */ = {isa = PBXFileReference; lastKnownFileType = text.plist.xml; path = Info.plist; sourceTree = "<group>"; };
		FB409A441F68C7DA004EF6A9 /* 自定义图片截取UITests.xctest */ = {isa = PBXFileReference; explicitFileType = wrapper.cfbundle; includeInIndex = 0; path = "自定义图片截取UITests.xctest"; sourceTree = BUILT_PRODUCTS_DIR; };
		FB409A481F68C7DA004EF6A9 /* _______UITests.m */ = {isa = PBXFileReference; lastKnownFileType = sourcecode.c.objc; path = "_______UITests.m"; sourceTree = "<group>"; };
		FB409A4A1F68C7DA004EF6A9 /* Info.plist */ = {isa = PBXFileReference; lastKnownFileType = text.plist.xml; path = Info.plist; sourceTree = "<group>"; };
/* End PBXFileReference section */

/* Begin PBXFrameworksBuildPhase section */
		FB409A1D1F68C7DA004EF6A9 /* Frameworks */ = {
			isa = PBXFrameworksBuildPhase;
			buildActionMask = 2147483647;
			files = (
			);
			runOnlyForDeploymentPostprocessing = 0;
		};
		FB409A361F68C7DA004EF6A9 /* Frameworks */ = {
			isa = PBXFrameworksBuildPhase;
			buildActionMask = 2147483647;
			files = (
			);
			runOnlyForDeploymentPostprocessing = 0;
		};
		FB409A411F68C7DA004EF6A9 /* Frameworks */ = {
			isa = PBXFrameworksBuildPhase;
			buildActionMask = 2147483647;
			files = (
			);
			runOnlyForDeploymentPostprocessing = 0;
		};
/* End PBXFrameworksBuildPhase section */

/* Begin PBXGroup section */
		FB409A171F68C7DA004EF6A9 = {
			isa = PBXGroup;
			children = (
				FB409A221F68C7DA004EF6A9 /* 自定义图片截取 */,
				FB409A3C1F68C7DA004EF6A9 /* 自定义图片截取Tests */,
				FB409A471F68C7DA004EF6A9 /* 自定义图片截取UITests */,
				FB409A211F68C7DA004EF6A9 /* Products */,
			);
			sourceTree = "<group>";
		};
		FB409A211F68C7DA004EF6A9 /* Products */ = {
			isa = PBXGroup;
			children = (
				FB409A201F68C7DA004EF6A9 /* 自定义图片截取.app */,
				FB409A391F68C7DA004EF6A9 /* 自定义图片截取Tests.xctest */,
				FB409A441F68C7DA004EF6A9 /* 自定义图片截取UITests.xctest */,
			);
			name = Products;
			sourceTree = "<group>";
		};
		FB409A221F68C7DA004EF6A9 /* 自定义图片截取 */ = {
			isa = PBXGroup;
			children = (
				FB409A261F68C7DA004EF6A9 /* AppDelegate.h */,
				FB409A271F68C7DA004EF6A9 /* AppDelegate.m */,
				FB409A291F68C7DA004EF6A9 /* ViewController.h */,
				FB409A2A1F68C7DA004EF6A9 /* ViewController.m */,
				FB409A2C1F68C7DA004EF6A9 /* Main.storyboard */,
				FB409A2F1F68C7DA004EF6A9 /* Assets.xcassets */,
				FB409A311F68C7DA004EF6A9 /* LaunchScreen.storyboard */,
				FB409A341F68C7DA004EF6A9 /* Info.plist */,
				FB409A231F68C7DA004EF6A9 /* Supporting Files */,
			);
			path = "自定义图片截取";
			sourceTree = "<group>";
		};
		FB409A231F68C7DA004EF6A9 /* Supporting Files */ = {
			isa = PBXGroup;
			children = (
				FB409A241F68C7DA004EF6A9 /* main.m */,
			);
			name = "Supporting Files";
			sourceTree = "<group>";
		};
		FB409A3C1F68C7DA004EF6A9 /* 自定义图片截取Tests */ = {
			isa = PBXGroup;
			children = (
				FB409A3D1F68C7DA004EF6A9 /* _______Tests.m */,
				FB409A3F1F68C7DA004EF6A9 /* Info.plist */,
			);
			path = "自定义图片截取Tests";
			sourceTree = "<group>";
		};
		FB409A471F68C7DA004EF6A9 /* 自定义图片截取UITests */ = {
			isa = PBXGroup;
			children = (
				FB409A481F68C7DA004EF6A9 /* _______UITests.m */,
				FB409A4A1F68C7DA004EF6A9 /* Info.plist */,
			);
			path = "自定义图片截取UITests";
			sourceTree = "<group>";
		};
/* End PBXGroup section */

/* Begin PBXNativeTarget section */
		FB409A1F1F68C7DA004EF6A9 /* 自定义图片截取 */ = {
			isa = PBXNativeTarget;
			buildConfigurationList = FB409A4D1F68C7DA004EF6A9 /* Build configuration list for PBXNativeTarget "自定义图片截取" */;
			buildPhases = (
				FB409A1C1F68C7DA004EF6A9 /* Sources */,
				FB409A1D1F68C7DA004EF6A9 /* Frameworks */,
				FB409A1E1F68C7DA004EF6A9 /* Resources */,
			);
			buildRules = (
			);
			dependencies = (
			);
			name = "自定义图片截取";
			productName = "自定义图片截取";
			productReference = FB409A201F68C7DA004EF6A9 /* 自定义图片截取.app */;
			productType = "com.apple.product-type.application";
		};
		FB409A381F68C7DA004EF6A9 /* 自定义图片截取Tests */ = {
			isa = PBXNativeTarget;
			buildConfigurationList = FB409A501F68C7DA004EF6A9 /* Build configuration list for PBXNativeTarget "自定义图片截取Tests" */;
			buildPhases = (
				FB409A351F68C7DA004EF6A9 /* Sources */,
				FB409A361F68C7DA004EF6A9 /* Frameworks */,
				FB409A371F68C7DA004EF6A9 /* Resources */,
			);
			buildRules = (
			);
			dependencies = (
				FB409A3B1F68C7DA004EF6A9 /* PBXTargetDependency */,
			);
			name = "自定义图片截取Tests";
			productName = "自定义图片截取Tests";
			productReference = FB409A391F68C7DA004EF6A9 /* 自定义图片截取Tests.xctest */;
			productType = "com.apple.product-type.bundle.unit-test";
		};
		FB409A431F68C7DA004EF6A9 /* 自定义图片截取UITests */ = {
			isa = PBXNativeTarget;
			buildConfigurationList = FB409A531F68C7DA004EF6A9 /* Build configuration list for PBXNativeTarget "自定义图片截取UITests" */;
			buildPhases = (
				FB409A401F68C7DA004EF6A9 /* Sources */,
				FB409A411F68C7DA004EF6A9 /* Frameworks */,
				FB409A421F68C7DA004EF6A9 /* Resources */,
			);
			buildRules = (
			);
			dependencies = (
				FB409A461F68C7DA004EF6A9 /* PBXTargetDependency */,
			);
			name = "自定义图片截取UITests";
			productName = "自定义图片截取UITests";
			productReference = FB409A441F68C7DA004EF6A9 /* 自定义图片截取UITests.xctest */;
			productType = "com.apple.product-type.bundle.ui-testing";
		};
/* End PBXNativeTarget section */

/* Begin PBXProject section */
		FB409A181F68C7DA004EF6A9 /* Project object */ = {
			isa = PBXProject;
			attributes = {
				LastUpgradeCheck = 0830;
				ORGANIZATIONNAME = maple;
				TargetAttributes = {
					FB409A1F1F68C7DA004EF6A9 = {
						CreatedOnToolsVersion = 8.3.3;
						DevelopmentTeam = M892P9SSGG;
						ProvisioningStyle = Automatic;
					};
					FB409A381F68C7DA004EF6A9 = {
						CreatedOnToolsVersion = 8.3.3;
						DevelopmentTeam = M892P9SSGG;
						ProvisioningStyle = Automatic;
						TestTargetID = FB409A1F1F68C7DA004EF6A9;
					};
					FB409A431F68C7DA004EF6A9 = {
						CreatedOnToolsVersion = 8.3.3;
						DevelopmentTeam = M892P9SSGG;
						ProvisioningStyle = Automatic;
						TestTargetID = FB409A1F1F68C7DA004EF6A9;
					};
				};
			};
			buildConfigurationList = FB409A1B1F68C7DA004EF6A9 /* Build configuration list for PBXProject "自定义图片截取" */;
			compatibilityVersion = "Xcode 3.2";
			developmentRegion = English;
			hasScannedForEncodings = 0;
			knownRegions = (
				en,
				Base,
			);
			mainGroup = FB409A171F68C7DA004EF6A9;
			productRefGroup = FB409A211F68C7DA004EF6A9 /* Products */;
			projectDirPath = "";
			projectRoot = "";
			targets = (
				FB409A1F1F68C7DA004EF6A9 /* 自定义图片截取 */,
				FB409A381F68C7DA004EF6A9 /* 自定义图片截取Tests */,
				FB409A431F68C7DA004EF6A9 /* 自定义图片截取UITests */,
			);
		};
/* End PBXProject section */

/* Begin PBXResourcesBuildPhase section */
		FB409A1E1F68C7DA004EF6A9 /* Resources */ = {
			isa = PBXResourcesBuildPhase;
			buildActionMask = 2147483647;
			files = (
				FB409A331F68C7DA004EF6A9 /* LaunchScreen.storyboard in Resources */,
				FB409A301F68C7DA004EF6A9 /* Assets.xcassets in Resources */,
				FB409A2E1F68C7DA004EF6A9 /* Main.storyboard in Resources */,
			);
			runOnlyForDeploymentPostprocessing = 0;
		};
		FB409A371F68C7DA004EF6A9 /* Resources */ = {
			isa = PBXResourcesBuildPhase;
			buildActionMask = 2147483647;
			files = (
			);
			runOnlyForDeploymentPostprocessing = 0;
		};
		FB409A421F68C7DA004EF6A9 /* Resources */ = {
			isa = PBXResourcesBuildPhase;
			buildActionMask = 2147483647;
			files = (
			);
			runOnlyForDeploymentPostprocessing = 0;
		};
/* End PBXResourcesBuildPhase section */

/* Begin PBXSourcesBuildPhase section */
		FB409A1C1F68C7DA004EF6A9 /* Sources */ = {
			isa = PBXSourcesBuildPhase;
			buildActionMask = 2147483647;
			files = (
				FB409A2B1F68C7DA004EF6A9 /* ViewController.m in Sources */,
				FB409A281F68C7DA004EF6A9 /* AppDelegate.m in Sources */,
				FB409A251F68C7DA004EF6A9 /* main.m in Sources */,
			);
			runOnlyForDeploymentPostprocessing = 0;
		};
		FB409A351F68C7DA004EF6A9 /* Sources */ = {
			isa = PBXSourcesBuildPhase;
			buildActionMask = 2147483647;
			files = (
				FB409A3E1F68C7DA004EF6A9 /* _______Tests.m in Sources */,
			);
			runOnlyForDeploymentPostprocessing = 0;
		};
		FB409A401F68C7DA004EF6A9 /* Sources */ = {
			isa = PBXSourcesBuildPhase;
			buildActionMask = 2147483647;
			files = (
				FB409A491F68C7DA004EF6A9 /* _______UITests.m in Sources */,
			);
			runOnlyForDeploymentPostprocessing = 0;
		};
/* End PBXSourcesBuildPhase section */

/* Begin PBXTargetDependency section */
		FB409A3B1F68C7DA004EF6A9 /* PBXTargetDependency */ = {
			isa = PBXTargetDependency;
			target = FB409A1F1F68C7DA004EF6A9 /* 自定义图片截取 */;
			targetProxy = FB409A3A1F68C7DA004EF6A9 /* PBXContainerItemProxy */;
		};
		FB409A461F68C7DA004EF6A9 /* PBXTargetDependency */ = {
			isa = PBXTargetDependency;
			target = FB409A1F1F68C7DA004EF6A9 /* 自定义图片截取 */;
			targetProxy = FB409A451F68C7DA004EF6A9 /* PBXContainerItemProxy */;
		};
/* End PBXTargetDependency section */

/* Begin PBXVariantGroup section */
		FB409A2C1F68C7DA004EF6A9 /* Main.storyboard */ = {
			isa = PBXVariantGroup;
			children = (
				FB409A2D1F68C7DA004EF6A9 /* Base */,
			);
			name = Main.storyboard;
			sourceTree = "<group>";
		};
		FB409A311F68C7DA004EF6A9 /* LaunchScreen.storyboard */ = {
			isa = PBXVariantGroup;
			children = (
				FB409A321F68C7DA004EF6A9 /* Base */,
			);
			name = LaunchScreen.storyboard;
			sourceTree = "<group>";
		};
/* End PBXVariantGroup section */

/* Begin XCBuildConfiguration section */
		FB409A4B1F68C7DA004EF6A9 /* Debug */ = {
			isa = XCBuildConfiguration;
			buildSettings = {
				ALWAYS_SEARCH_USER_PATHS = NO;
				CLANG_ANALYZER_NONNULL = YES;
				CLANG_ANALYZER_NUMBER_OBJECT_CONVERSION = YES_AGGRESSIVE;
				CLANG_CXX_LANGUAGE_STANDARD = "gnu++0x";
				CLANG_CXX_LIBRARY = "libc++";
				CLANG_ENABLE_MODULES = YES;
				CLANG_ENABLE_OBJC_ARC = YES;
				CLANG_WARN_BOOL_CONVERSION = YES;
				CLANG_WARN_CONSTANT_CONVERSION = YES;
				CLANG_WARN_DIRECT_OBJC_ISA_USAGE = YES_ERROR;
				CLANG_WARN_DOCUMENTATION_COMMENTS = YES;
				CLANG_WARN_EMPTY_BODY = YES;
				CLANG_WARN_ENUM_CONVERSION = YES;
				CLANG_WARN_INFINITE_RECURSION = YES;
				CLANG_WARN_INT_CONVERSION = YES;
				CLANG_WARN_OBJC_ROOT_CLASS = YES_ERROR;
				CLANG_WARN_SUSPICIOUS_MOVE = YES;
				CLANG_WARN_UNREACHABLE_CODE = YES;
				CLANG_WARN__DUPLICATE_METHOD_MATCH = YES;
				"CODE_SIGN_IDENTITY[sdk=iphoneos*]" = "iPhone Developer";
				COPY_PHASE_STRIP = NO;
				DEBUG_INFORMATION_FORMAT = dwarf;
				ENABLE_STRICT_OBJC_MSGSEND = YES;
				ENABLE_TESTABILITY = YES;
				GCC_C_LANGUAGE_STANDARD = gnu99;
				GCC_DYNAMIC_NO_PIC = NO;
				GCC_NO_COMMON_BLOCKS = YES;
				GCC_OPTIMIZATION_LEVEL = 0;
				GCC_PREPROCESSOR_DEFINITIONS = (
					"DEBUG=1",
					"$(inherited)",
				);
				GCC_WARN_64_TO_32_BIT_CONVERSION = YES;
				GCC_WARN_ABOUT_RETURN_TYPE = YES_ERROR;
				GCC_WARN_UNDECLARED_SELECTOR = YES;
				GCC_WARN_UNINITIALIZED_AUTOS = YES_AGGRESSIVE;
				GCC_WARN_UNUSED_FUNCTION = YES;
				GCC_WARN_UNUSED_VARIABLE = YES;
				IPHONEOS_DEPLOYMENT_TARGET = 10.3;
				MTL_ENABLE_DEBUG_INFO = YES;
				ONLY_ACTIVE_ARCH = YES;
				SDKROOT = iphoneos;
			};
			name = Debug;
		};
		FB409A4C1F68C7DA004EF6A9 /* Release */ = {
			isa = XCBuildConfiguration;
			buildSettings = {
				ALWAYS_SEARCH_USER_PATHS = NO;
				CLANG_ANALYZER_NONNULL = YES;
				CLANG_ANALYZER_NUMBER_OBJECT_CONVERSION = YES_AGGRESSIVE;
				CLANG_CXX_LANGUAGE_STANDARD = "gnu++0x";
				CLANG_CXX_LIBRARY = "libc++";
				CLANG_ENABLE_MODULES = YES;
				CLANG_ENABLE_OBJC_ARC = YES;
				CLANG_WARN_BOOL_CONVERSION = YES;
				CLANG_WARN_CONSTANT_CONVERSION = YES;
				CLANG_WARN_DIRECT_OBJC_ISA_USAGE = YES_ERROR;
				CLANG_WARN_DOCUMENTATION_COMMENTS = YES;
				CLANG_WARN_EMPTY_BODY = YES;
				CLANG_WARN_ENUM_CONVERSION = YES;
				CLANG_WARN_INFINITE_RECURSION = YES;
				CLANG_WARN_INT_CONVERSION = YES;
				CLANG_WARN_OBJC_ROOT_CLASS = YES_ERROR;
				CLANG_WARN_SUSPICIOUS_MOVE = YES;
				CLANG_WARN_UNREACHABLE_CODE = YES;
				CLANG_WARN__DUPLICATE_METHOD_MATCH = YES;
				"CODE_SIGN_IDENTITY[sdk=iphoneos*]" = "iPhone Developer";
				COPY_PHASE_STRIP = NO;
				DEBUG_INFORMATION_FORMAT = "dwarf-with-dsym";
				ENABLE_NS_ASSERTIONS = NO;
				ENABLE_STRICT_OBJC_MSGSEND = YES;
				GCC_C_LANGUAGE_STANDARD = gnu99;
				GCC_NO_COMMON_BLOCKS = YES;
				GCC_WARN_64_TO_32_BIT_CONVERSION = YES;
				GCC_WARN_ABOUT_RETURN_TYPE = YES_ERROR;
				GCC_WARN_UNDECLARED_SELECTOR = YES;
				GCC_WARN_UNINITIALIZED_AUTOS = YES_AGGRESSIVE;
				GCC_WARN_UNUSED_FUNCTION = YES;
				GCC_WARN_UNUSED_VARIABLE = YES;
				IPHONEOS_DEPLOYMENT_TARGET = 10.3;
				MTL_ENABLE_DEBUG_INFO = NO;
				SDKROOT = iphoneos;
				VALIDATE_PRODUCT = YES;
			};
			name = Release;
		};
		FB409A4E1F68C7DA004EF6A9 /* Debug */ = {
			isa = XCBuildConfiguration;
			buildSettings = {
				ASSETCATALOG_COMPILER_APPICON_NAME = AppIcon;
				DEVELOPMENT_TEAM = M892P9SSGG;
				INFOPLIST_FILE = "自定义图片截取/Info.plist";
				LD_RUNPATH_SEARCH_PATHS = "$(inherited) @executable_path/Frameworks";
				PRODUCT_BUNDLE_IDENTIFIER = "com.tedddddddst.-------";
				PRODUCT_NAME = "$(TARGET_NAME)";
			};
			name = Debug;
		};
		FB409A4F1F68C7DA004EF6A9 /* Release */ = {
			isa = XCBuildConfiguration;
			buildSettings = {
				ASSETCATALOG_COMPILER_APPICON_NAME = AppIcon;
				DEVELOPMENT_TEAM = M892P9SSGG;
				INFOPLIST_FILE = "自定义图片截取/Info.plist";
				LD_RUNPATH_SEARCH_PATHS = "$(inherited) @executable_path/Frameworks";
				PRODUCT_BUNDLE_IDENTIFIER = "com.tedddddddst.-------";
				PRODUCT_NAME = "$(TARGET_NAME)";
			};
			name = Release;
		};
		FB409A511F68C7DA004EF6A9 /* Debug */ = {
			isa = XCBuildConfiguration;
			buildSettings = {
				BUNDLE_LOADER = "$(TEST_HOST)";
				DEVELOPMENT_TEAM = M892P9SSGG;
				INFOPLIST_FILE = "自定义图片截取Tests/Info.plist";
				LD_RUNPATH_SEARCH_PATHS = "$(inherited) @executable_path/Frameworks @loader_path/Frameworks";
				PRODUCT_BUNDLE_IDENTIFIER = "com.tedddddddst.-------Tests";
				PRODUCT_NAME = "$(TARGET_NAME)";
				TEST_HOST = "$(BUILT_PRODUCTS_DIR)/自定义图片截取.app/自定义图片截取";
			};
			name = Debug;
		};
		FB409A521F68C7DA004EF6A9 /* Release */ = {
			isa = XCBuildConfiguration;
			buildSettings = {
				BUNDLE_LOADER = "$(TEST_HOST)";
				DEVELOPMENT_TEAM = M892P9SSGG;
				INFOPLIST_FILE = "自定义图片截取Tests/Info.plist";
				LD_RUNPATH_SEARCH_PATHS = "$(inherited) @executable_path/Frameworks @loader_path/Frameworks";
				PRODUCT_BUNDLE_IDENTIFIER = "com.tedddddddst.-------Tests";
				PRODUCT_NAME = "$(TARGET_NAME)";
				TEST_HOST = "$(BUILT_PRODUCTS_DIR)/自定义图片截取.app/自定义图片截取";
			};
			name = Release;
		};
		FB409A541F68C7DA004EF6A9 /* Debug */ = {
			isa = XCBuildConfiguration;
			buildSettings = {
				DEVELOPMENT_TEAM = M892P9SSGG;
				INFOPLIST_FILE = "自定义图片截取UITests/Info.plist";
				LD_RUNPATH_SEARCH_PATHS = "$(inherited) @executable_path/Frameworks @loader_path/Frameworks";
				PRODUCT_BUNDLE_IDENTIFIER = "com.tedddddddst.-------UITests";
				PRODUCT_NAME = "$(TARGET_NAME)";
				TEST_TARGET_NAME = "自定义图片截取";
			};
			name = Debug;
		};
		FB409A551F68C7DA004EF6A9 /* Release */ = {
			isa = XCBuildConfiguration;
			buildSettings = {
				DEVELOPMENT_TEAM = M892P9SSGG;
				INFOPLIST_FILE = "自定义图片截取UITests/Info.plist";
				LD_RUNPATH_SEARCH_PATHS = "$(inherited) @executable_path/Frameworks @loader_path/Frameworks";
				PRODUCT_BUNDLE_IDENTIFIER = "com.tedddddddst.-------UITests";
				PRODUCT_NAME = "$(TARGET_NAME)";
				TEST_TARGET_NAME = "自定义图片截取";
			};
			name = Release;
		};
/* End XCBuildConfiguration section */

/* Begin XCConfigurationList section */
		FB409A1B1F68C7DA004EF6A9 /* Build configuration list for PBXProject "自定义图片截取" */ = {
			isa = XCConfigurationList;
			buildConfigurations = (
				FB409A4B1F68C7DA004EF6A9 /* Debug */,
				FB409A4C1F68C7DA004EF6A9 /* Release */,
			);
			defaultConfigurationIsVisible = 0;
			defaultConfigurationName = Release;
		};
		FB409A4D1F68C7DA004EF6A9 /* Build configuration list for PBXNativeTarget "自定义图片截取" */ = {
			isa = XCConfigurationList;
			buildConfigurations = (
				FB409A4E1F68C7DA004EF6A9 /* Debug */,
				FB409A4F1F68C7DA004EF6A9 /* Release */,
			);
			defaultConfigurationIsVisible = 0;
		};
		FB409A501F68C7DA004EF6A9 /* Build configuration list for PBXNativeTarget "自定义图片截取Tests" */ = {
			isa = XCConfigurationList;
			buildConfigurations = (
				FB409A511F68C7DA004EF6A9 /* Debug */,
				FB409A521F68C7DA004EF6A9 /* Release */,
			);
			defaultConfigurationIsVisible = 0;
		};
		FB409A531F68C7DA004EF6A9 /* Build configuration list for PBXNativeTarget "自定义图片截取UITests" */ = {
			isa = XCConfigurationList;
			buildConfigurations = (
				FB409A541F68C7DA004EF6A9 /* Debug */,
				FB409A551F68C7DA004EF6A9 /* Release */,
			);
			defaultConfigurationIsVisible = 0;
		};
/* End XCConfigurationList section */
	};
	rootObject = FB409A181F68C7DA004EF6A9 /* Project object */;
}
